// !$*UTF8*$!
{
	archiveVersion = 1;
	classes = {
	};
	objectVersion = 56;
	objects = {

/* Begin PBXBuildFile section */
		FFF961622B6572B700AD33E9 /* HibahProjectApp.swift in Sources */ = {isa = PBXBuildFile; fileRef = FFF961612B6572B700AD33E9 /* HibahProjectApp.swift */; };
		FFF961662B6572B900AD33E9 /* Assets.xcassets in Resources */ = {isa = PBXBuildFile; fileRef = FFF961652B6572B900AD33E9 /* Assets.xcassets */; };
		FFF961692B6572B900AD33E9 /* Preview Assets.xcassets in Resources */ = {isa = PBXBuildFile; fileRef = FFF961682B6572B900AD33E9 /* Preview Assets.xcassets */; };
		FFF961732B65735600AD33E9 /* AboutMeView.swift in Sources */ = {isa = PBXBuildFile; fileRef = FFF961722B65735600AD33E9 /* AboutMeView.swift */; };
		FFF961752B65736E00AD33E9 /* ProjectView.swift in Sources */ = {isa = PBXBuildFile; fileRef = FFF961742B65736E00AD33E9 /* ProjectView.swift */; };
		FFF961772B65738300AD33E9 /* EducationView.swift in Sources */ = {isa = PBXBuildFile; fileRef = FFF961762B65738300AD33E9 /* EducationView.swift */; };
		FFF961792B65739E00AD33E9 /* Project.swift in Sources */ = {isa = PBXBuildFile; fileRef = FFF961782B65739E00AD33E9 /* Project.swift */; };
		FFF9617B2B6573B000AD33E9 /* Education.swift in Sources */ = {isa = PBXBuildFile; fileRef = FFF9617A2B6573B000AD33E9 /* Education.swift */; };
		FFF9617D2B6573D200AD33E9 /* AboutMeViewModel.swift in Sources */ = {isa = PBXBuildFile; fileRef = FFF9617C2B6573D200AD33E9 /* AboutMeViewModel.swift */; };
/* End PBXBuildFile section */

/* Begin PBXFileReference section */
		FFF9615E2B6572B700AD33E9 /* HibahProject.app */ = {isa = PBXFileReference; explicitFileType = wrapper.application; includeInIndex = 0; path = HibahProject.app; sourceTree = BUILT_PRODUCTS_DIR; };
		FFF961612B6572B700AD33E9 /* HibahProjectApp.swift */ = {isa = PBXFileReference; lastKnownFileType = sourcecode.swift; path = HibahProjectApp.swift; sourceTree = "<group>"; };
		FFF961652B6572B900AD33E9 /* Assets.xcassets */ = {isa = PBXFileReference; lastKnownFileType = folder.assetcatalog; path = Assets.xcassets; sourceTree = "<group>"; };
		FFF961682B6572B900AD33E9 /* Preview Assets.xcassets */ = {isa = PBXFileReference; lastKnownFileType = folder.assetcatalog; path = "Preview Assets.xcassets"; sourceTree = "<group>"; };
		FFF961722B65735600AD33E9 /* AboutMeView.swift */ = {isa = PBXFileReference; lastKnownFileType = sourcecode.swift; path = AboutMeView.swift; sourceTree = "<group>"; };
		FFF961742B65736E00AD33E9 /* ProjectView.swift */ = {isa = PBXFileReference; lastKnownFileType = sourcecode.swift; path = ProjectView.swift; sourceTree = "<group>"; };
		FFF961762B65738300AD33E9 /* EducationView.swift */ = {isa = PBXFileReference; lastKnownFileType = sourcecode.swift; path = EducationView.swift; sourceTree = "<group>"; };
		FFF961782B65739E00AD33E9 /* Project.swift */ = {isa = PBXFileReference; lastKnownFileType = sourcecode.swift; path = Project.swift; sourceTree = "<group>"; };
		FFF9617A2B6573B000AD33E9 /* Education.swift */ = {isa = PBXFileReference; lastKnownFileType = sourcecode.swift; path = Education.swift; sourceTree = "<group>"; };
		FFF9617C2B6573D200AD33E9 /* AboutMeViewModel.swift */ = {isa = PBXFileReference; lastKnownFileType = sourcecode.swift; path = AboutMeViewModel.swift; sourceTree = "<group>"; };
/* End PBXFileReference section */

/* Begin PBXFrameworksBuildPhase section */
		FFF9615B2B6572B700AD33E9 /* Frameworks */ = {
			isa = PBXFrameworksBuildPhase;
			buildActionMask = 2147483647;
			files = (
			);
			runOnlyForDeploymentPostprocessing = 0;
		};
/* End PBXFrameworksBuildPhase section */

/* Begin PBXGroup section */
		FFF961552B6572B700AD33E9 = {
			isa = PBXGroup;
			children = (
				FFF961602B6572B700AD33E9 /* HibahProject */,
				FFF9615F2B6572B700AD33E9 /* Products */,
			);
			sourceTree = "<group>";
		};
		FFF9615F2B6572B700AD33E9 /* Products */ = {
			isa = PBXGroup;
			children = (
				FFF9615E2B6572B700AD33E9 /* HibahProject.app */,
			);
			name = Products;
			sourceTree = "<group>";
		};
		FFF961602B6572B700AD33E9 /* HibahProject */ = {
			isa = PBXGroup;
			children = (
				FFF961612B6572B700AD33E9 /* HibahProjectApp.swift */,
				FFF9616F2B6572E100AD33E9 /* Views */,
				FFF961712B65731200AD33E9 /* ViewModels */,
				FFF961702B6572F600AD33E9 /* Models */,
				FFF961652B6572B900AD33E9 /* Assets.xcassets */,
				FFF961672B6572B900AD33E9 /* Preview Content */,
			);
			path = HibahProject;
			sourceTree = "<group>";
		};
		FFF961672B6572B900AD33E9 /* Preview Content */ = {
			isa = PBXGroup;
			children = (
				FFF961682B6572B900AD33E9 /* Preview Assets.xcassets */,
			);
			path = "Preview Content";
			sourceTree = "<group>";
		};
		FFF9616F2B6572E100AD33E9 /* Views */ = {
			isa = PBXGroup;
			children = (
				FFF961722B65735600AD33E9 /* AboutMeView.swift */,
				FFF961742B65736E00AD33E9 /* ProjectView.swift */,
				FFF961762B65738300AD33E9 /* EducationView.swift */,
			);
			path = Views;
			sourceTree = "<group>";
		};
		FFF961702B6572F600AD33E9 /* Models */ = {
			isa = PBXGroup;
			children = (
				FFF961782B65739E00AD33E9 /* Project.swift */,
				FFF9617A2B6573B000AD33E9 /* Education.swift */,
			);
			path = Models;
			sourceTree = "<group>";
		};
		FFF961712B65731200AD33E9 /* ViewModels */ = {
			isa = PBXGroup;
			children = (
				FFF9617C2B6573D200AD33E9 /* AboutMeViewModel.swift */,
			);
			path = ViewModels;
			sourceTree = "<group>";
		};
/* End PBXGroup section */

/* Begin PBXNativeTarget section */
		FFF9615D2B6572B700AD33E9 /* HibahProject */ = {
			isa = PBXNativeTarget;
			buildConfigurationList = FFF9616C2B6572B900AD33E9 /* Build configuration list for PBXNativeTarget "HibahProject" */;
			buildPhases = (
				FFF9615A2B6572B700AD33E9 /* Sources */,
				FFF9615B2B6572B700AD33E9 /* Frameworks */,
				FFF9615C2B6572B700AD33E9 /* Resources */,
			);
			buildRules = (
			);
			dependencies = (
			);
			name = HibahProject;
			productName = HibahProject;
			productReference = FFF9615E2B6572B700AD33E9 /* HibahProject.app */;
			productType = "com.apple.product-type.application";
		};
/* End PBXNativeTarget section */

/* Begin PBXProject section */
		FFF961562B6572B700AD33E9 /* Project object */ = {
			isa = PBXProject;
			attributes = {
				BuildIndependentTargetsInParallel = 1;
				LastSwiftUpdateCheck = 1520;
				LastUpgradeCheck = 1520;
				TargetAttributes = {
					FFF9615D2B6572B700AD33E9 = {
						CreatedOnToolsVersion = 15.2;
					};
				};
			};
			buildConfigurationList = FFF961592B6572B700AD33E9 /* Build configuration list for PBXProject "HibahProject" */;
			compatibilityVersion = "Xcode 14.0";
			developmentRegion = en;
			hasScannedForEncodings = 0;
			knownRegions = (
				en,
				Base,
			);
			mainGroup = FFF961552B6572B700AD33E9;
			productRefGroup = FFF9615F2B6572B700AD33E9 /* Products */;
			projectDirPath = "";
			projectRoot = "";
			targets = (
				FFF9615D2B6572B700AD33E9 /* HibahProject */,
			);
		};
/* End PBXProject section */

/* Begin PBXResourcesBuildPhase section */
		FFF9615C2B6572B700AD33E9 /* Resources */ = {
			isa = PBXResourcesBuildPhase;
			buildActionMask = 2147483647;
			files = (
				FFF961692B6572B900AD33E9 /* Preview Assets.xcassets in Resources */,
				FFF961662B6572B900AD33E9 /* Assets.xcassets in Resources */,
			);
			runOnlyForDeploymentPostprocessing = 0;
		};
/* End PBXResourcesBuildPhase section */

/* Begin PBXSourcesBuildPhase section */
		FFF9615A2B6572B700AD33E9 /* Sources */ = {
			isa = PBXSourcesBuildPhase;
			buildActionMask = 2147483647;
			files = (
				FFF961752B65736E00AD33E9 /* ProjectView.swift in Sources */,
				FFF9617D2B6573D200AD33E9 /* AboutMeViewModel.swift in Sources */,
				FFF961772B65738300AD33E9 /* EducationView.swift in Sources */,
				FFF9617B2B6573B000AD33E9 /* Education.swift in Sources */,
				FFF961732B65735600AD33E9 /* AboutMeView.swift in Sources */,
				FFF961792B65739E00AD33E9 /* Project.swift in Sources */,
				FFF961622B6572B700AD33E9 /* HibahProjectApp.swift in Sources */,
			);
			runOnlyForDeploymentPostprocessing = 0;
		};
/* End PBXSourcesBuildPhase section */

/* Begin XCBuildConfiguration section */
		FFF9616A2B6572B900AD33E9 /* Debug */ = {
			isa = XCBuildConfiguration;
			buildSettings = {
				ALWAYS_SEARCH_USER_PATHS = NO;
				ASSETCATALOG_COMPILER_GENERATE_SWIFT_ASSET_SYMBOL_EXTENSIONS = YES;
				CLANG_ANALYZER_NONNULL = YES;
				CLANG_ANALYZER_NUMBER_OBJECT_CONVERSION = YES_AGGRESSIVE;
				CLANG_CXX_LANGUAGE_STANDARD = "gnu++20";
				CLANG_ENABLE_MODULES = YES;
				CLANG_ENABLE_OBJC_ARC = YES;
				CLANG_ENABLE_OBJC_WEAK = YES;
				CLANG_WARN_BLOCK_CAPTURE_AUTORELEASING = YES;
				CLANG_WARN_BOOL_CONVERSION = YES;
				CLANG_WARN_COMMA = YES;
				CLANG_WARN_CONSTANT_CONVERSION = YES;
				CLANG_WARN_DEPRECATED_OBJC_IMPLEMENTATIONS = YES;
				CLANG_WARN_DIRECT_OBJC_ISA_USAGE = YES_ERROR;
				CLANG_WARN_DOCUMENTATION_COMMENTS = YES;
				CLANG_WARN_EMPTY_BODY = YES;
				CLANG_WARN_ENUM_CONVERSION = YES;
				CLANG_WARN_INFINITE_RECURSION = YES;
				CLANG_WARN_INT_CONVERSION = YES;
				CLANG_WARN_NON_LITERAL_NULL_CONVERSION = YES;
				CLANG_WARN_OBJC_IMPLICIT_RETAIN_SELF = YES;
				CLANG_WARN_OBJC_LITERAL_CONVERSION = YES;
				CLANG_WARN_OBJC_ROOT_CLASS = YES_ERROR;
				CLANG_WARN_QUOTED_INCLUDE_IN_FRAMEWORK_HEADER = YES;
				CLANG_WARN_RANGE_LOOP_ANALYSIS = YES;
				CLANG_WARN_STRICT_PROTOTYPES = YES;
				CLANG_WARN_SUSPICIOUS_MOVE = YES;
				CLANG_WARN_UNGUARDED_AVAILABILITY = YES_AGGRESSIVE;
				CLANG_WARN_UNREACHABLE_CODE = YES;
				CLANG_WARN__DUPLICATE_METHOD_MATCH = YES;
				COPY_PHASE_STRIP = NO;
				DEBUG_INFORMATION_FORMAT = dwarf;
				ENABLE_STRICT_OBJC_MSGSEND = YES;
				ENABLE_TESTABILITY = YES;
				ENABLE_USER_SCRIPT_SANDBOXING = YES;
				GCC_C_LANGUAGE_STANDARD = gnu17;
				GCC_DYNAMIC_NO_PIC = NO;
				GCC_NO_COMMON_BLOCKS = YES;
				GCC_OPTIMIZATION_LEVEL = 0;
				GCC_PREPROCESSOR_DEFINITIONS = (
					"DEBUG=1",
					"$(inherited)",
				);
				GCC_WARN_64_TO_32_BIT_CONVERSION = YES;
				GCC_WARN_ABOUT_RETURN_TYPE = YES_ERROR;
				GCC_WARN_UNDECLARED_SELECTOR = YES;
				GCC_WARN_UNINITIALIZED_AUTOS = YES_AGGRESSIVE;
				GCC_WARN_UNUSED_FUNCTION = YES;
				GCC_WARN_UNUSED_VARIABLE = YES;
				IPHONEOS_DEPLOYMENT_TARGET = 17.2;
				LOCALIZATION_PREFERS_STRING_CATALOGS = YES;
				MTL_ENABLE_DEBUG_INFO = INCLUDE_SOURCE;
				MTL_FAST_MATH = YES;
				ONLY_ACTIVE_ARCH = YES;
				SDKROOT = iphoneos;
				SWIFT_ACTIVE_COMPILATION_CONDITIONS = "DEBUG $(inherited)";
				SWIFT_OPTIMIZATION_LEVEL = "-Onone";
			};
			name = Debug;
		};
		FFF9616B2B6572B900AD33E9 /* Release */ = {
			isa = XCBuildConfiguration;
			buildSettings = {
				ALWAYS_SEARCH_USER_PATHS = NO;
				ASSETCATALOG_COMPILER_GENERATE_SWIFT_ASSET_SYMBOL_EXTENSIONS = YES;
				CLANG_ANALYZER_NONNULL = YES;
				CLANG_ANALYZER_NUMBER_OBJECT_CONVERSION = YES_AGGRESSIVE;
				CLANG_CXX_LANGUAGE_STANDARD = "gnu++20";
				CLANG_ENABLE_MODULES = YES;
				CLANG_ENABLE_OBJC_ARC = YES;
				CLANG_ENABLE_OBJC_WEAK = YES;
				CLANG_WARN_BLOCK_CAPTURE_AUTORELEASING = YES;
				CLANG_WARN_BOOL_CONVERSION = YES;
				CLANG_WARN_COMMA = YES;
				CLANG_WARN_CONSTANT_CONVERSION = YES;
				CLANG_WARN_DEPRECATED_OBJC_IMPLEMENTATIONS = YES;
				CLANG_WARN_DIRECT_OBJC_ISA_USAGE = YES_ERROR;
				CLANG_WARN_DOCUMENTATION_COMMENTS = YES;
				CLANG_WARN_EMPTY_BODY = YES;
				CLANG_WARN_ENUM_CONVERSION = YES;
				CLANG_WARN_INFINITE_RECURSION = YES;
				CLANG_WARN_INT_CONVERSION = YES;
				CLANG_WARN_NON_LITERAL_NULL_CONVERSION = YES;
				CLANG_WARN_OBJC_IMPLICIT_RETAIN_SELF = YES;
				CLANG_WARN_OBJC_LITERAL_CONVERSION = YES;
				CLANG_WARN_OBJC_ROOT_CLASS = YES_ERROR;
				CLANG_WARN_QUOTED_INCLUDE_IN_FRAMEWORK_HEADER = YES;
				CLANG_WARN_RANGE_LOOP_ANALYSIS = YES;
				CLANG_WARN_STRICT_PROTOTYPES = YES;
				CLANG_WARN_SUSPICIOUS_MOVE = YES;
				CLANG_WARN_UNGUARDED_AVAILABILITY = YES_AGGRESSIVE;
				CLANG_WARN_UNREACHABLE_CODE = YES;
				CLANG_WARN__DUPLICATE_METHOD_MATCH = YES;
				COPY_PHASE_STRIP = NO;
				DEBUG_INFORMATION_FORMAT = "dwarf-with-dsym";
				ENABLE_NS_ASSERTIONS = NO;
				ENABLE_STRICT_OBJC_MSGSEND = YES;
				ENABLE_USER_SCRIPT_SANDBOXING = YES;
				GCC_C_LANGUAGE_STANDARD = gnu17;
				GCC_NO_COMMON_BLOCKS = YES;
				GCC_WARN_64_TO_32_BIT_CONVERSION = YES;
				GCC_WARN_ABOUT_RETURN_TYPE = YES_ERROR;
				GCC_WARN_UNDECLARED_SELECTOR = YES;
				GCC_WARN_UNINITIALIZED_AUTOS = YES_AGGRESSIVE;
				GCC_WARN_UNUSED_FUNCTION = YES;
				GCC_WARN_UNUSED_VARIABLE = YES;
				IPHONEOS_DEPLOYMENT_TARGET = 17.2;
				LOCALIZATION_PREFERS_STRING_CATALOGS = YES;
				MTL_ENABLE_DEBUG_INFO = NO;
				MTL_FAST_MATH = YES;
				SDKROOT = iphoneos;
				SWIFT_COMPILATION_MODE = wholemodule;
				VALIDATE_PRODUCT = YES;
			};
			name = Release;
		};
		FFF9616D2B6572B900AD33E9 /* Debug */ = {
			isa = XCBuildConfiguration;
			buildSettings = {
				ASSETCATALOG_COMPILER_APPICON_NAME = AppIcon;
				ASSETCATALOG_COMPILER_GLOBAL_ACCENT_COLOR_NAME = AccentColor;
				CODE_SIGN_STYLE = Automatic;
				CURRENT_PROJECT_VERSION = 1;
				DEVELOPMENT_ASSET_PATHS = "\"HibahProject/Preview Content\"";
				ENABLE_PREVIEWS = YES;
				GENERATE_INFOPLIST_FILE = YES;
				INFOPLIST_KEY_UIApplicationSceneManifest_Generation = YES;
				INFOPLIST_KEY_UIApplicationSupportsIndirectInputEvents = YES;
				INFOPLIST_KEY_UILaunchScreen_Generation = YES;
				INFOPLIST_KEY_UISupportedInterfaceOrientations_iPad = "UIInterfaceOrientationPortrait UIInterfaceOrientationPortraitUpsideDown UIInterfaceOrientationLandscapeLeft UIInterfaceOrientationLandscapeRight";
				INFOPLIST_KEY_UISupportedInterfaceOrientations_iPhone = "UIInterfaceOrientationPortrait UIInterfaceOrientationLandscapeLeft UIInterfaceOrientationLandscapeRight";
				LD_RUNPATH_SEARCH_PATHS = (
					"$(inherited)",
					"@executable_path/Frameworks",
				);
				MARKETING_VERSION = 1.0;
				PRODUCT_BUNDLE_IDENTIFIER = hibah.HibahProject;
				PRODUCT_NAME = "$(TARGET_NAME)";
				SWIFT_EMIT_LOC_STRINGS = YES;
				SWIFT_VERSION = 5.0;
				TARGETED_DEVICE_FAMILY = "1,2";
			};
			name = Debug;
		};
		FFF9616E2B6572B900AD33E9 /* Release */ = {
			isa = XCBuildConfiguration;
			buildSettings = {
				ASSETCATALOG_COMPILER_APPICON_NAME = AppIcon;
				ASSETCATALOG_COMPILER_GLOBAL_ACCENT_COLOR_NAME = AccentColor;
				CODE_SIGN_STYLE = Automatic;
				CURRENT_PROJECT_VERSION = 1;
				DEVELOPMENT_ASSET_PATHS = "\"HibahProject/Preview Content\"";
				ENABLE_PREVIEWS = YES;
				GENERATE_INFOPLIST_FILE = YES;
				INFOPLIST_KEY_UIApplicationSceneManifest_Generation = YES;
				INFOPLIST_KEY_UIApplicationSupportsIndirectInputEvents = YES;
				INFOPLIST_KEY_UILaunchScreen_Generation = YES;
				INFOPLIST_KEY_UISupportedInterfaceOrientations_iPad = "UIInterfaceOrientationPortrait UIInterfaceOrientationPortraitUpsideDown UIInterfaceOrientationLandscapeLeft UIInterfaceOrientationLandscapeRight";
				INFOPLIST_KEY_UISupportedInterfaceOrientations_iPhone = "UIInterfaceOrientationPortrait UIInterfaceOrientationLandscapeLeft UIInterfaceOrientationLandscapeRight";
				LD_RUNPATH_SEARCH_PATHS = (
					"$(inherited)",
					"@executable_path/Frameworks",
				);
				MARKETING_VERSION = 1.0;
				PRODUCT_BUNDLE_IDENTIFIER = hibah.HibahProject;
				PRODUCT_NAME = "$(TARGET_NAME)";
				SWIFT_EMIT_LOC_STRINGS = YES;
				SWIFT_VERSION = 5.0;
				TARGETED_DEVICE_FAMILY = "1,2";
			};
			name = Release;
		};
/* End XCBuildConfiguration section */

/* Begin XCConfigurationList section */
		FFF961592B6572B700AD33E9 /* Build configuration list for PBXProject "HibahProject" */ = {
			isa = XCConfigurationList;
			buildConfigurations = (
				FFF9616A2B6572B900AD33E9 /* Debug */,
				FFF9616B2B6572B900AD33E9 /* Release */,
			);
			defaultConfigurationIsVisible = 0;
			defaultConfigurationName = Release;
		};
		FFF9616C2B6572B900AD33E9 /* Build configuration list for PBXNativeTarget "HibahProject" */ = {
			isa = XCConfigurationList;
			buildConfigurations = (
				FFF9616D2B6572B900AD33E9 /* Debug */,
				FFF9616E2B6572B900AD33E9 /* Release */,
			);
			defaultConfigurationIsVisible = 0;
			defaultConfigurationName = Release;
		};
/* End XCConfigurationList section */
	};
	rootObject = FFF961562B6572B700AD33E9 /* Project object */;
}
